PODS:
  - IQKeyboardManagerSwift (6.1.0)
  - Nimble (7.1.3)
  - Quick (1.3.0)

DEPENDENCIES:
  - IQKeyboardManagerSwift
  - Nimble
  - Quick

SPEC REPOS:
  https://github.com/cocoapods/specs.git:
    - IQKeyboardManagerSwift
    - Nimble
    - Quick

SPEC CHECKSUMS:
  IQKeyboardManagerSwift: f5004f5860d9a8ed23a7ef7a156ae168828eb018
  Nimble: 2839b01d1b31f6a6a7777a221f0d91cf52e8e27b
  Quick: 03278013f71aa05fe9ecabc94fbcc6835f1ee76f

PODFILE CHECKSUM: 0609c3e672c6e8299416158832202e5f78b6121d

COCOAPODS: 1.5.3
